
Microsoft Visual Studio Solution File, Format Version 12.00
# Visual Studio 15
VisualStudioVersion = 15.0.27703.2035
MinimumVisualStudioVersion = 10.0.40219.1
Project("{9A19103F-16F7-4668-BE54-9A1E7A4F7556}") = "XCI-Organizer", "XCI-Organizer\XCI-Organizer.csproj", "{DD7DC7D0-1EB1-4762-9FB4-1B176ADF778E}"
EndProject
Project("{FAE04EC0-301F-11D3-BF4B-00C04F79EFBC}") = "XCI-Organizer.WPF", "XCI-Organizer.WPF\XCI-Organizer.WPF.csproj", "{34AEA0B1-5C6A-44A7-B95E-9590FBED9E27}"
EndProject
Project("{9A19103F-16F7-4668-BE54-9A1E7A4F7556}") = "XTSSharp", "XTSSharp\XTSSharp.csproj", "{DD00C9B5-FCCF-44E6-9B4C-CBADD08A2104}"
EndProject
Project("{2150E333-8FDC-42A3-9474-1A3956D46DE8}") = "Third-Party", "Third-Party", "{0FAB5244-B0F6-4F62-BACE-67C95B14A3F6}"
EndProject
Project("{9A19103F-16F7-4668-BE54-9A1E7A4F7556}") = "NSWDB", "NSWDB\NSWDB.csproj", "{6D95DA4E-C651-46C5-A689-3A1157185727}"
EndProject
Project("{9A19103F-16F7-4668-BE54-9A1E7A4F7556}") = "NSWDB.Test", "NSWDB.Test\NSWDB.Test.csproj", "{A3F52316-5B96-4D4E-8330-B15CAA90AEA6}"
EndProject
Project("{9A19103F-16F7-4668-BE54-9A1E7A4F7556}") = "XCI-Organizer.Test", "XCI-Organizer.Test\XCI-Organizer.Test.csproj", "{AE498DF4-C05D-4784-B980-87472B011780}"
EndProject
Global
	GlobalSection(SolutionConfigurationPlatforms) = preSolution
		Debug|Any CPU = Debug|Any CPU
		Debug|x86 = Debug|x86
		Release|Any CPU = Release|Any CPU
		Release|x86 = Release|x86
	EndGlobalSection
	GlobalSection(ProjectConfigurationPlatforms) = postSolution
		{DD7DC7D0-1EB1-4762-9FB4-1B176ADF778E}.Debug|Any CPU.ActiveCfg = Debug|Any CPU
		{DD7DC7D0-1EB1-4762-9FB4-1B176ADF778E}.Debug|Any CPU.Build.0 = Debug|Any CPU
		{DD7DC7D0-1EB1-4762-9FB4-1B176ADF778E}.Debug|x86.ActiveCfg = Debug|Any CPU
		{DD7DC7D0-1EB1-4762-9FB4-1B176ADF778E}.Debug|x86.Build.0 = Debug|Any CPU
		{DD7DC7D0-1EB1-4762-9FB4-1B176ADF778E}.Release|Any CPU.ActiveCfg = Release|Any CPU
		{DD7DC7D0-1EB1-4762-9FB4-1B176ADF778E}.Release|Any CPU.Build.0 = Release|Any CPU
		{DD7DC7D0-1EB1-4762-9FB4-1B176ADF778E}.Release|x86.ActiveCfg = Release|Any CPU
		{DD7DC7D0-1EB1-4762-9FB4-1B176ADF778E}.Release|x86.Build.0 = Release|Any CPU
		{34AEA0B1-5C6A-44A7-B95E-9590FBED9E27}.Debug|Any CPU.ActiveCfg = Debug|Any CPU
		{34AEA0B1-5C6A-44A7-B95E-9590FBED9E27}.Debug|Any CPU.Build.0 = Debug|Any CPU
		{34AEA0B1-5C6A-44A7-B95E-9590FBED9E27}.Debug|x86.ActiveCfg = Debug|Any CPU
		{34AEA0B1-5C6A-44A7-B95E-9590FBED9E27}.Debug|x86.Build.0 = Debug|Any CPU
		{34AEA0B1-5C6A-44A7-B95E-9590FBED9E27}.Release|Any CPU.ActiveCfg = Release|Any CPU
		{34AEA0B1-5C6A-44A7-B95E-9590FBED9E27}.Release|Any CPU.Build.0 = Release|Any CPU
		{34AEA0B1-5C6A-44A7-B95E-9590FBED9E27}.Release|x86.ActiveCfg = Release|Any CPU
		{34AEA0B1-5C6A-44A7-B95E-9590FBED9E27}.Release|x86.Build.0 = Release|Any CPU
		{DD00C9B5-FCCF-44E6-9B4C-CBADD08A2104}.Debug|Any CPU.ActiveCfg = Debug|Any CPU
		{DD00C9B5-FCCF-44E6-9B4C-CBADD08A2104}.Debug|Any CPU.Build.0 = Debug|Any CPU
		{DD00C9B5-FCCF-44E6-9B4C-CBADD08A2104}.Debug|x86.ActiveCfg = Debug|Any CPU
		{DD00C9B5-FCCF-44E6-9B4C-CBADD08A2104}.Debug|x86.Build.0 = Debug|Any CPU
		{DD00C9B5-FCCF-44E6-9B4C-CBADD08A2104}.Release|Any CPU.ActiveCfg = Release|Any CPU
		{DD00C9B5-FCCF-44E6-9B4C-CBADD08A2104}.Release|Any CPU.Build.0 = Release|Any CPU
		{DD00C9B5-FCCF-44E6-9B4C-CBADD08A2104}.Release|x86.ActiveCfg = Release|Any CPU
		{DD00C9B5-FCCF-44E6-9B4C-CBADD08A2104}.Release|x86.Build.0 = Release|Any CPU
		{6D95DA4E-C651-46C5-A689-3A1157185727}.Debug|Any CPU.ActiveCfg = Debug|Any CPU
		{6D95DA4E-C651-46C5-A689-3A1157185727}.Debug|Any CPU.Build.0 = Debug|Any CPU
		{6D95DA4E-C651-46C5-A689-3A1157185727}.Debug|x86.ActiveCfg = Debug|Any CPU
		{6D95DA4E-C651-46C5-A689-3A1157185727}.Debug|x86.Build.0 = Debug|Any CPU
		{6D95DA4E-C651-46C5-A689-3A1157185727}.Release|Any CPU.ActiveCfg = Release|Any CPU
		{6D95DA4E-C651-46C5-A689-3A1157185727}.Release|Any CPU.Build.0 = Release|Any CPU
		{6D95DA4E-C651-46C5-A689-3A1157185727}.Release|x86.ActiveCfg = Release|Any CPU
		{6D95DA4E-C651-46C5-A689-3A1157185727}.Release|x86.Build.0 = Release|Any CPU
		{A3F52316-5B96-4D4E-8330-B15CAA90AEA6}.Debug|Any CPU.ActiveCfg = Debug|Any CPU
		{A3F52316-5B96-4D4E-8330-B15CAA90AEA6}.Debug|Any CPU.Build.0 = Debug|Any CPU
		{A3F52316-5B96-4D4E-8330-B15CAA90AEA6}.Debug|x86.ActiveCfg = Debug|Any CPU
		{A3F52316-5B96-4D4E-8330-B15CAA90AEA6}.Debug|x86.Build.0 = Debug|Any CPU
		{A3F52316-5B96-4D4E-8330-B15CAA90AEA6}.Release|Any CPU.ActiveCfg = Release|Any CPU
		{A3F52316-5B96-4D4E-8330-B15CAA90AEA6}.Release|Any CPU.Build.0 = Release|Any CPU
		{A3F52316-5B96-4D4E-8330-B15CAA90AEA6}.Release|x86.ActiveCfg = Release|Any CPU
		{A3F52316-5B96-4D4E-8330-B15CAA90AEA6}.Release|x86.Build.0 = Release|Any CPU
		{AE498DF4-C05D-4784-B980-87472B011780}.Debug|Any CPU.ActiveCfg = Debug|Any CPU
		{AE498DF4-C05D-4784-B980-87472B011780}.Debug|Any CPU.Build.0 = Debug|Any CPU
		{AE498DF4-C05D-4784-B980-87472B011780}.Debug|x86.ActiveCfg = Debug|Any CPU
		{AE498DF4-C05D-4784-B980-87472B011780}.Debug|x86.Build.0 = Debug|Any CPU
		{AE498DF4-C05D-4784-B980-87472B011780}.Release|Any CPU.ActiveCfg = Release|Any CPU
		{AE498DF4-C05D-4784-B980-87472B011780}.Release|Any CPU.Build.0 = Release|Any CPU
		{AE498DF4-C05D-4784-B980-87472B011780}.Release|x86.ActiveCfg = Release|Any CPU
		{AE498DF4-C05D-4784-B980-87472B011780}.Release|x86.Build.0 = Release|Any CPU
	EndGlobalSection
	GlobalSection(SolutionProperties) = preSolution
		HideSolutionNode = FALSE
	EndGlobalSection
	GlobalSection(NestedProjects) = preSolution
		{DD00C9B5-FCCF-44E6-9B4C-CBADD08A2104} = {0FAB5244-B0F6-4F62-BACE-67C95B14A3F6}
	EndGlobalSection
	GlobalSection(ExtensibilityGlobals) = postSolution
		SolutionGuid = {2909CE99-B562-4AD7-BD26-4E3E8D4E6680}
	EndGlobalSection
EndGlobal
